
Microsoft Visual Studio Solution File, Format Version 12.00
# Visual Studio Version 17
VisualStudioVersion = 17.13.35931.197
MinimumVisualStudioVersion = 10.0.40219.1
Project("{FAE04EC0-301F-11D3-BF4B-00C04F79EFBC}") = "BusinessObjects", "BusinessObjects\BusinessObjects.csproj", "{77303AC9-79EB-4BCF-85F2-2C08804EB4B3}"
EndProject
Project("{FAE04EC0-301F-11D3-BF4B-00C04F79EFBC}") = "DataAccessLayer", "DataAccessLayer\DataAccessLayer.csproj", "{9BA08878-8BB7-43C8-9567-3E1F3B030FB2}"
EndProject
Project("{FAE04EC0-301F-11D3-BF4B-00C04F79EFBC}") = "Repositories", "Repositories\Repositories.csproj", "{9369A099-54EC-422F-9468-C3B8C3C0B01E}"
EndProject
Project("{FAE04EC0-301F-11D3-BF4B-00C04F79EFBC}") = "Services", "Services\Services.csproj", "{43468ECA-9901-4620-A9E4-EEB1389F5447}"
EndProject
Project("{2150E333-8FDC-42A3-9474-1A3956D46DE8}") = "Solution Items", "Solution Items", "{8EC462FD-D22E-90A8-E5CE-7E832BA40C5D}"
	ProjectSection(SolutionItems) = preProject
		appsettings.json = appsettings.json
	EndProjectSection
EndProject
Project("{FAE04EC0-301F-11D3-BF4B-00C04F79EFBC}") = "HuynhPhucTanWPF", "HuynhPhucTanWPF\HuynhPhucTanWPF.csproj", "{6BB8F094-3C0B-4A8D-87E7-CFF27CC38291}"
EndProject
Global
	GlobalSection(SolutionConfigurationPlatforms) = preSolution
		Debug|Any CPU = Debug|Any CPU
		Release|Any CPU = Release|Any CPU
	EndGlobalSection
	GlobalSection(ProjectConfigurationPlatforms) = postSolution
		{77303AC9-79EB-4BCF-85F2-2C08804EB4B3}.Debug|Any CPU.ActiveCfg = Debug|Any CPU
		{77303AC9-79EB-4BCF-85F2-2C08804EB4B3}.Debug|Any CPU.Build.0 = Debug|Any CPU
		{77303AC9-79EB-4BCF-85F2-2C08804EB4B3}.Release|Any CPU.ActiveCfg = Release|Any CPU
		{77303AC9-79EB-4BCF-85F2-2C08804EB4B3}.Release|Any CPU.Build.0 = Release|Any CPU
		{9BA08878-8BB7-43C8-9567-3E1F3B030FB2}.Debug|Any CPU.ActiveCfg = Debug|Any CPU
		{9BA08878-8BB7-43C8-9567-3E1F3B030FB2}.Debug|Any CPU.Build.0 = Debug|Any CPU
		{9BA08878-8BB7-43C8-9567-3E1F3B030FB2}.Release|Any CPU.ActiveCfg = Release|Any CPU
		{9BA08878-8BB7-43C8-9567-3E1F3B030FB2}.Release|Any CPU.Build.0 = Release|Any CPU
		{9369A099-54EC-422F-9468-C3B8C3C0B01E}.Debug|Any CPU.ActiveCfg = Debug|Any CPU
		{9369A099-54EC-422F-9468-C3B8C3C0B01E}.Debug|Any CPU.Build.0 = Debug|Any CPU
		{9369A099-54EC-422F-9468-C3B8C3C0B01E}.Release|Any CPU.ActiveCfg = Release|Any CPU
		{9369A099-54EC-422F-9468-C3B8C3C0B01E}.Release|Any CPU.Build.0 = Release|Any CPU
		{43468ECA-9901-4620-A9E4-EEB1389F5447}.Debug|Any CPU.ActiveCfg = Debug|Any CPU
		{43468ECA-9901-4620-A9E4-EEB1389F5447}.Debug|Any CPU.Build.0 = Debug|Any CPU
		{43468ECA-9901-4620-A9E4-EEB1389F5447}.Release|Any CPU.ActiveCfg = Release|Any CPU
		{43468ECA-9901-4620-A9E4-EEB1389F5447}.Release|Any CPU.Build.0 = Release|Any CPU
		{6BB8F094-3C0B-4A8D-87E7-CFF27CC38291}.Debug|Any CPU.ActiveCfg = Debug|Any CPU
		{6BB8F094-3C0B-4A8D-87E7-CFF27CC38291}.Debug|Any CPU.Build.0 = Debug|Any CPU
		{6BB8F094-3C0B-4A8D-87E7-CFF27CC38291}.Release|Any CPU.ActiveCfg = Release|Any CPU
		{6BB8F094-3C0B-4A8D-87E7-CFF27CC38291}.Release|Any CPU.Build.0 = Release|Any CPU
	EndGlobalSection
	GlobalSection(SolutionProperties) = preSolution
		HideSolutionNode = FALSE
	EndGlobalSection
	GlobalSection(ExtensibilityGlobals) = postSolution
		SolutionGuid = {B0980849-7985-4AE8-9B4A-EC2E6735D77B}
	EndGlobalSection
EndGlobal
